schema: '2.0'
stages:
  data_ingestion:
    cmd: python src/data_ingestion.py
    deps:
    - path: config/paths_config.py
      hash: md5
      md5: 5c49aa43d6d91d3fc3c4fdaca0fc1724
      size: 744
    - path: src/data_ingestion.py
      hash: md5
      md5: 9fda920c92bba61eb9430aad0c9f801e
      size: 1813
    outs:
    - path: artifacts/ingested_data
      hash: md5
      md5: dee39e8565dbdc35343721e0436f3b49.dir
      size: 12158068
      nfiles: 2
  data_processing:
    cmd: python src/data_processing.py
    deps:
    - path: config/paths_config.py
      hash: md5
      md5: 5c49aa43d6d91d3fc3c4fdaca0fc1724
      size: 744
    - path: src/data_processing.py
      hash: md5
      md5: a57b4c46a33615ca71eef65f02f2fe51
      size: 3646
    outs:
    - path: artifacts/processed_data
      hash: md5
      md5: 4242b0ef5bbbc1ec9f26163a32917833.dir
      size: 9052140
      nfiles: 1
  feature_engineering:
    cmd: python src/feature_engineering.py
    deps:
    - path: config/paths_config.py
      hash: md5
      md5: 5c49aa43d6d91d3fc3c4fdaca0fc1724
      size: 744
    - path: src/feature_engineering.py
      hash: md5
      md5: a14855c2dfce370b82f3bcc86840dee7
      size: 4890
    - path: utils/helpers.py
      hash: md5
      md5: a5fee71a700cff277b96a3f65f6ff3ca
      size: 347
    outs:
    - path: artifacts/engineered_data
      hash: md5
      md5: 4988912669e630232d6b9de2fbb91425.dir
      size: 3503241
      nfiles: 1
  model_training:
    cmd: python src/model_training.py
    deps:
    - path: config/paths_config.py
      hash: md5
      md5: 5c49aa43d6d91d3fc3c4fdaca0fc1724
      size: 744
    - path: src/model_training.py
      hash: md5
      md5: dc6747b9b651adc77ddaed1e81026d77
      size: 4949
    outs:
    - path: artifacts/models
      hash: md5
      md5: f171aaf5e3deac6454618e51112fd4cc.dir
      size: 687540
      nfiles: 1
